
Microsoft Visual Studio Solution File, Format Version 12.00
# Visual Studio 15
VisualStudioVersion = 15.0.26403.7
MinimumVisualStudioVersion = 10.0.40219.1
Project("{FAE04EC0-301F-11D3-BF4B-00C04F79EFBC}") = "ProxyModel", "ProxyModel\ProxyModel.csproj", "{6BBA0A10-2F3E-440A-A905-58429DBC6383}"
EndProject
Global
	GlobalSection(SolutionConfigurationPlatforms) = preSolution
		Debug|Any CPU = Debug|Any CPU
		Release|Any CPU = Release|Any CPU
	EndGlobalSection
	GlobalSection(ProjectConfigurationPlatforms) = postSolution
		{6BBA0A10-2F3E-440A-A905-58429DBC6383}.Debug|Any CPU.ActiveCfg = Debug|Any CPU
		{6BBA0A10-2F3E-440A-A905-58429DBC6383}.Debug|Any CPU.Build.0 = Debug|Any CPU
		{6BBA0A10-2F3E-440A-A905-58429DBC6383}.Release|Any CPU.ActiveCfg = Release|Any CPU
		{6BBA0A10-2F3E-440A-A905-58429DBC6383}.Release|Any CPU.Build.0 = Release|Any CPU
	EndGlobalSection
	GlobalSection(SolutionProperties) = preSolution
		HideSolutionNode = FALSE
	EndGlobalSection
EndGlobal
